// !$*UTF8*$!
{
	archiveVersion = 1;
	classes = {
	};
	objectVersion = 56;
	objects = {

/* Begin PBXBuildFile section */
		888749572A8BE20F00761745 /* ViewModel.swift in Sources */ = {isa = PBXBuildFile; fileRef = 888749562A8BE20F00761745 /* ViewModel.swift */; };
		8887495A2A8C06DF00761745 /* MainView.swift in Sources */ = {isa = PBXBuildFile; fileRef = 888749592A8C06DF00761745 /* MainView.swift */; };
		8887495C2A8C0B1000761745 /* Gastos.swift in Sources */ = {isa = PBXBuildFile; fileRef = 8887495B2A8C0B1000761745 /* Gastos.swift */; };
		8889168C2A8BDA33004D0D2F /* appAHApp.swift in Sources */ = {isa = PBXBuildFile; fileRef = 8889168B2A8BDA33004D0D2F /* appAHApp.swift */; };
		888916902A8BDA34004D0D2F /* Assets.xcassets in Resources */ = {isa = PBXBuildFile; fileRef = 8889168F2A8BDA34004D0D2F /* Assets.xcassets */; };
		888916932A8BDA34004D0D2F /* Preview Assets.xcassets in Resources */ = {isa = PBXBuildFile; fileRef = 888916922A8BDA34004D0D2F /* Preview Assets.xcassets */; };
		8889169A2A8BDA51004D0D2F /* Inicio.swift in Sources */ = {isa = PBXBuildFile; fileRef = 888916992A8BDA51004D0D2F /* Inicio.swift */; };
		8889169E2A8BDA66004D0D2F /* Transacciones.swift in Sources */ = {isa = PBXBuildFile; fileRef = 8889169D2A8BDA66004D0D2F /* Transacciones.swift */; };
/* End PBXBuildFile section */

/* Begin PBXFileReference section */
		888749562A8BE20F00761745 /* ViewModel.swift */ = {isa = PBXFileReference; lastKnownFileType = sourcecode.swift; path = ViewModel.swift; sourceTree = "<group>"; };
		888749582A8BE8FA00761745 /* Info.plist */ = {isa = PBXFileReference; lastKnownFileType = text.plist; path = Info.plist; sourceTree = "<group>"; };
		888749592A8C06DF00761745 /* MainView.swift */ = {isa = PBXFileReference; fileEncoding = 4; lastKnownFileType = sourcecode.swift; path = MainView.swift; sourceTree = "<group>"; };
		8887495B2A8C0B1000761745 /* Gastos.swift */ = {isa = PBXFileReference; fileEncoding = 4; lastKnownFileType = sourcecode.swift; path = Gastos.swift; sourceTree = "<group>"; };
		888916882A8BDA33004D0D2F /* appAH.app */ = {isa = PBXFileReference; explicitFileType = wrapper.application; includeInIndex = 0; path = appAH.app; sourceTree = BUILT_PRODUCTS_DIR; };
		8889168B2A8BDA33004D0D2F /* appAHApp.swift */ = {isa = PBXFileReference; lastKnownFileType = sourcecode.swift; path = appAHApp.swift; sourceTree = "<group>"; };
		8889168F2A8BDA34004D0D2F /* Assets.xcassets */ = {isa = PBXFileReference; lastKnownFileType = folder.assetcatalog; path = Assets.xcassets; sourceTree = "<group>"; };
		888916922A8BDA34004D0D2F /* Preview Assets.xcassets */ = {isa = PBXFileReference; lastKnownFileType = folder.assetcatalog; path = "Preview Assets.xcassets"; sourceTree = "<group>"; };
		888916992A8BDA51004D0D2F /* Inicio.swift */ = {isa = PBXFileReference; lastKnownFileType = sourcecode.swift; path = Inicio.swift; sourceTree = "<group>"; };
		8889169D2A8BDA66004D0D2F /* Transacciones.swift */ = {isa = PBXFileReference; lastKnownFileType = sourcecode.swift; path = Transacciones.swift; sourceTree = "<group>"; };
/* End PBXFileReference section */

/* Begin PBXFrameworksBuildPhase section */
		888916852A8BDA33004D0D2F /* Frameworks */ = {
			isa = PBXFrameworksBuildPhase;
			buildActionMask = 2147483647;
			files = (
			);
			runOnlyForDeploymentPostprocessing = 0;
		};
/* End PBXFrameworksBuildPhase section */

/* Begin PBXGroup section */
		8889167F2A8BDA33004D0D2F = {
			isa = PBXGroup;
			children = (
				8889168A2A8BDA33004D0D2F /* appAH */,
				888916892A8BDA33004D0D2F /* Products */,
			);
			sourceTree = "<group>";
		};
		888916892A8BDA33004D0D2F /* Products */ = {
			isa = PBXGroup;
			children = (
				888916882A8BDA33004D0D2F /* appAH.app */,
			);
			name = Products;
			sourceTree = "<group>";
		};
		8889168A2A8BDA33004D0D2F /* appAH */ = {
			isa = PBXGroup;
			children = (
				8889168B2A8BDA33004D0D2F /* appAHApp.swift */,
				888749582A8BE8FA00761745 /* Info.plist */,
				8887495B2A8C0B1000761745 /* Gastos.swift */,
				888916992A8BDA51004D0D2F /* Inicio.swift */,
				888749592A8C06DF00761745 /* MainView.swift */,
				8889169D2A8BDA66004D0D2F /* Transacciones.swift */,
				888749562A8BE20F00761745 /* ViewModel.swift */,
				8889168F2A8BDA34004D0D2F /* Assets.xcassets */,
				888916912A8BDA34004D0D2F /* Preview Content */,
			);
			path = appAH;
			sourceTree = "<group>";
		};
		888916912A8BDA34004D0D2F /* Preview Content */ = {
			isa = PBXGroup;
			children = (
				888916922A8BDA34004D0D2F /* Preview Assets.xcassets */,
			);
			path = "Preview Content";
			sourceTree = "<group>";
		};
/* End PBXGroup section */

/* Begin PBXNativeTarget section */
		888916872A8BDA33004D0D2F /* appAH */ = {
			isa = PBXNativeTarget;
			buildConfigurationList = 888916962A8BDA34004D0D2F /* Build configuration list for PBXNativeTarget "appAH" */;
			buildPhases = (
				888916842A8BDA33004D0D2F /* Sources */,
				888916852A8BDA33004D0D2F /* Frameworks */,
				888916862A8BDA33004D0D2F /* Resources */,
			);
			buildRules = (
			);
			dependencies = (
			);
			name = appAH;
			productName = appAH;
			productReference = 888916882A8BDA33004D0D2F /* appAH.app */;
			productType = "com.apple.product-type.application";
		};
/* End PBXNativeTarget section */

/* Begin PBXProject section */
		888916802A8BDA33004D0D2F /* Project object */ = {
			isa = PBXProject;
			attributes = {
				BuildIndependentTargetsInParallel = 1;
				LastSwiftUpdateCheck = 1430;
				LastUpgradeCheck = 1430;
				TargetAttributes = {
					888916872A8BDA33004D0D2F = {
						CreatedOnToolsVersion = 14.3.1;
					};
				};
			};
			buildConfigurationList = 888916832A8BDA33004D0D2F /* Build configuration list for PBXProject "appAH" */;
			compatibilityVersion = "Xcode 14.0";
			developmentRegion = en;
			hasScannedForEncodings = 0;
			knownRegions = (
				en,
				Base,
			);
			mainGroup = 8889167F2A8BDA33004D0D2F;
			productRefGroup = 888916892A8BDA33004D0D2F /* Products */;
			projectDirPath = "";
			projectRoot = "";
			targets = (
				888916872A8BDA33004D0D2F /* appAH */,
			);
		};
/* End PBXProject section */

/* Begin PBXResourcesBuildPhase section */
		888916862A8BDA33004D0D2F /* Resources */ = {
			isa = PBXResourcesBuildPhase;
			buildActionMask = 2147483647;
			files = (
				888916932A8BDA34004D0D2F /* Preview Assets.xcassets in Resources */,
				888916902A8BDA34004D0D2F /* Assets.xcassets in Resources */,
			);
			runOnlyForDeploymentPostprocessing = 0;
		};
/* End PBXResourcesBuildPhase section */

/* Begin PBXSourcesBuildPhase section */
		888916842A8BDA33004D0D2F /* Sources */ = {
			isa = PBXSourcesBuildPhase;
			buildActionMask = 2147483647;
			files = (
				8887495A2A8C06DF00761745 /* MainView.swift in Sources */,
				8889169E2A8BDA66004D0D2F /* Transacciones.swift in Sources */,
				8889168C2A8BDA33004D0D2F /* appAHApp.swift in Sources */,
				8887495C2A8C0B1000761745 /* Gastos.swift in Sources */,
				888749572A8BE20F00761745 /* ViewModel.swift in Sources */,
				8889169A2A8BDA51004D0D2F /* Inicio.swift in Sources */,
			);
			runOnlyForDeploymentPostprocessing = 0;
		};
/* End PBXSourcesBuildPhase section */

/* Begin XCBuildConfiguration section */
		888916942A8BDA34004D0D2F /* Debug */ = {
			isa = XCBuildConfiguration;
			buildSettings = {
				ALWAYS_SEARCH_USER_PATHS = NO;
				CLANG_ANALYZER_NONNULL = YES;
				CLANG_ANALYZER_NUMBER_OBJECT_CONVERSION = YES_AGGRESSIVE;
				CLANG_CXX_LANGUAGE_STANDARD = "gnu++20";
				CLANG_ENABLE_MODULES = YES;
				CLANG_ENABLE_OBJC_ARC = YES;
				CLANG_ENABLE_OBJC_WEAK = YES;
				CLANG_WARN_BLOCK_CAPTURE_AUTORELEASING = YES;
				CLANG_WARN_BOOL_CONVERSION = YES;
				CLANG_WARN_COMMA = YES;
				CLANG_WARN_CONSTANT_CONVERSION = YES;
				CLANG_WARN_DEPRECATED_OBJC_IMPLEMENTATIONS = YES;
				CLANG_WARN_DIRECT_OBJC_ISA_USAGE = YES_ERROR;
				CLANG_WARN_DOCUMENTATION_COMMENTS = YES;
				CLANG_WARN_EMPTY_BODY = YES;
				CLANG_WARN_ENUM_CONVERSION = YES;
				CLANG_WARN_INFINITE_RECURSION = YES;
				CLANG_WARN_INT_CONVERSION = YES;
				CLANG_WARN_NON_LITERAL_NULL_CONVERSION = YES;
				CLANG_WARN_OBJC_IMPLICIT_RETAIN_SELF = YES;
				CLANG_WARN_OBJC_LITERAL_CONVERSION = YES;
				CLANG_WARN_OBJC_ROOT_CLASS = YES_ERROR;
				CLANG_WARN_QUOTED_INCLUDE_IN_FRAMEWORK_HEADER = YES;
				CLANG_WARN_RANGE_LOOP_ANALYSIS = YES;
				CLANG_WARN_STRICT_PROTOTYPES = YES;
				CLANG_WARN_SUSPICIOUS_MOVE = YES;
				CLANG_WARN_UNGUARDED_AVAILABILITY = YES_AGGRESSIVE;
				CLANG_WARN_UNREACHABLE_CODE = YES;
				CLANG_WARN__DUPLICATE_METHOD_MATCH = YES;
				COPY_PHASE_STRIP = NO;
				DEBUG_INFORMATION_FORMAT = dwarf;
				ENABLE_STRICT_OBJC_MSGSEND = YES;
				ENABLE_TESTABILITY = YES;
				GCC_C_LANGUAGE_STANDARD = gnu11;
				GCC_DYNAMIC_NO_PIC = NO;
				GCC_NO_COMMON_BLOCKS = YES;
				GCC_OPTIMIZATION_LEVEL = 0;
				GCC_PREPROCESSOR_DEFINITIONS = (
					"DEBUG=1",
					"$(inherited)",
				);
				GCC_WARN_64_TO_32_BIT_CONVERSION = YES;
				GCC_WARN_ABOUT_RETURN_TYPE = YES_ERROR;
				GCC_WARN_UNDECLARED_SELECTOR = YES;
				GCC_WARN_UNINITIALIZED_AUTOS = YES_AGGRESSIVE;
				GCC_WARN_UNUSED_FUNCTION = YES;
				GCC_WARN_UNUSED_VARIABLE = YES;
				IPHONEOS_DEPLOYMENT_TARGET = 16.4;
				MTL_ENABLE_DEBUG_INFO = INCLUDE_SOURCE;
				MTL_FAST_MATH = YES;
				ONLY_ACTIVE_ARCH = YES;
				SDKROOT = iphoneos;
				SWIFT_ACTIVE_COMPILATION_CONDITIONS = DEBUG;
				SWIFT_OPTIMIZATION_LEVEL = "-Onone";
			};
			name = Debug;
		};
		888916952A8BDA34004D0D2F /* Release */ = {
			isa = XCBuildConfiguration;
			buildSettings = {
				ALWAYS_SEARCH_USER_PATHS = NO;
				CLANG_ANALYZER_NONNULL = YES;
				CLANG_ANALYZER_NUMBER_OBJECT_CONVERSION = YES_AGGRESSIVE;
				CLANG_CXX_LANGUAGE_STANDARD = "gnu++20";
				CLANG_ENABLE_MODULES = YES;
				CLANG_ENABLE_OBJC_ARC = YES;
				CLANG_ENABLE_OBJC_WEAK = YES;
				CLANG_WARN_BLOCK_CAPTURE_AUTORELEASING = YES;
				CLANG_WARN_BOOL_CONVERSION = YES;
				CLANG_WARN_COMMA = YES;
				CLANG_WARN_CONSTANT_CONVERSION = YES;
				CLANG_WARN_DEPRECATED_OBJC_IMPLEMENTATIONS = YES;
				CLANG_WARN_DIRECT_OBJC_ISA_USAGE = YES_ERROR;
				CLANG_WARN_DOCUMENTATION_COMMENTS = YES;
				CLANG_WARN_EMPTY_BODY = YES;
				CLANG_WARN_ENUM_CONVERSION = YES;
				CLANG_WARN_INFINITE_RECURSION = YES;
				CLANG_WARN_INT_CONVERSION = YES;
				CLANG_WARN_NON_LITERAL_NULL_CONVERSION = YES;
				CLANG_WARN_OBJC_IMPLICIT_RETAIN_SELF = YES;
				CLANG_WARN_OBJC_LITERAL_CONVERSION = YES;
				CLANG_WARN_OBJC_ROOT_CLASS = YES_ERROR;
				CLANG_WARN_QUOTED_INCLUDE_IN_FRAMEWORK_HEADER = YES;
				CLANG_WARN_RANGE_LOOP_ANALYSIS = YES;
				CLANG_WARN_STRICT_PROTOTYPES = YES;
				CLANG_WARN_SUSPICIOUS_MOVE = YES;
				CLANG_WARN_UNGUARDED_AVAILABILITY = YES_AGGRESSIVE;
				CLANG_WARN_UNREACHABLE_CODE = YES;
				CLANG_WARN__DUPLICATE_METHOD_MATCH = YES;
				COPY_PHASE_STRIP = NO;
				DEBUG_INFORMATION_FORMAT = "dwarf-with-dsym";
				ENABLE_NS_ASSERTIONS = NO;
				ENABLE_STRICT_OBJC_MSGSEND = YES;
				GCC_C_LANGUAGE_STANDARD = gnu11;
				GCC_NO_COMMON_BLOCKS = YES;
				GCC_WARN_64_TO_32_BIT_CONVERSION = YES;
				GCC_WARN_ABOUT_RETURN_TYPE = YES_ERROR;
				GCC_WARN_UNDECLARED_SELECTOR = YES;
				GCC_WARN_UNINITIALIZED_AUTOS = YES_AGGRESSIVE;
				GCC_WARN_UNUSED_FUNCTION = YES;
				GCC_WARN_UNUSED_VARIABLE = YES;
				IPHONEOS_DEPLOYMENT_TARGET = 16.4;
				MTL_ENABLE_DEBUG_INFO = NO;
				MTL_FAST_MATH = YES;
				SDKROOT = iphoneos;
				SWIFT_COMPILATION_MODE = wholemodule;
				SWIFT_OPTIMIZATION_LEVEL = "-O";
				VALIDATE_PRODUCT = YES;
			};
			name = Release;
		};
		888916972A8BDA34004D0D2F /* Debug */ = {
			isa = XCBuildConfiguration;
			buildSettings = {
				ASSETCATALOG_COMPILER_APPICON_NAME = AppIcon;
				ASSETCATALOG_COMPILER_GLOBAL_ACCENT_COLOR_NAME = AccentColor;
				CODE_SIGN_STYLE = Automatic;
				CURRENT_PROJECT_VERSION = 1;
				DEVELOPMENT_ASSET_PATHS = "\"appAH/Preview Content\"";
				ENABLE_PREVIEWS = YES;
				GENERATE_INFOPLIST_FILE = YES;
				INFOPLIST_FILE = appAH/Info.plist;
				INFOPLIST_KEY_UIApplicationSceneManifest_Generation = YES;
				INFOPLIST_KEY_UIApplicationSupportsIndirectInputEvents = YES;
				INFOPLIST_KEY_UILaunchScreen_Generation = YES;
				INFOPLIST_KEY_UISupportedInterfaceOrientations_iPad = "UIInterfaceOrientationPortrait UIInterfaceOrientationPortraitUpsideDown UIInterfaceOrientationLandscapeLeft UIInterfaceOrientationLandscapeRight";
				INFOPLIST_KEY_UISupportedInterfaceOrientations_iPhone = "UIInterfaceOrientationPortrait UIInterfaceOrientationLandscapeLeft UIInterfaceOrientationLandscapeRight";
				INFOPLIST_PREPROCESS = NO;
				IPHONEOS_DEPLOYMENT_TARGET = 16.4;
				LD_RUNPATH_SEARCH_PATHS = (
					"$(inherited)",
					"@executable_path/Frameworks",
				);
				MARKETING_VERSION = 1.0;
				PRODUCT_BUNDLE_IDENTIFIER = com.bitala.appAH;
				PRODUCT_NAME = "$(TARGET_NAME)";
				SWIFT_EMIT_LOC_STRINGS = YES;
				SWIFT_VERSION = 5.0;
				TARGETED_DEVICE_FAMILY = "1,2";
			};
			name = Debug;
		};
		888916982A8BDA34004D0D2F /* Release */ = {
			isa = XCBuildConfiguration;
			buildSettings = {
				ASSETCATALOG_COMPILER_APPICON_NAME = AppIcon;
				ASSETCATALOG_COMPILER_GLOBAL_ACCENT_COLOR_NAME = AccentColor;
				CODE_SIGN_STYLE = Automatic;
				CURRENT_PROJECT_VERSION = 1;
				DEVELOPMENT_ASSET_PATHS = "\"appAH/Preview Content\"";
				ENABLE_PREVIEWS = YES;
				GENERATE_INFOPLIST_FILE = YES;
				INFOPLIST_FILE = appAH/Info.plist;
				INFOPLIST_KEY_UIApplicationSceneManifest_Generation = YES;
				INFOPLIST_KEY_UIApplicationSupportsIndirectInputEvents = YES;
				INFOPLIST_KEY_UILaunchScreen_Generation = YES;
				INFOPLIST_KEY_UISupportedInterfaceOrientations_iPad = "UIInterfaceOrientationPortrait UIInterfaceOrientationPortraitUpsideDown UIInterfaceOrientationLandscapeLeft UIInterfaceOrientationLandscapeRight";
				INFOPLIST_KEY_UISupportedInterfaceOrientations_iPhone = "UIInterfaceOrientationPortrait UIInterfaceOrientationLandscapeLeft UIInterfaceOrientationLandscapeRight";
				IPHONEOS_DEPLOYMENT_TARGET = 16.4;
				LD_RUNPATH_SEARCH_PATHS = (
					"$(inherited)",
					"@executable_path/Frameworks",
				);
				MARKETING_VERSION = 1.0;
				PRODUCT_BUNDLE_IDENTIFIER = com.bitala.appAH;
				PRODUCT_NAME = "$(TARGET_NAME)";
				SWIFT_EMIT_LOC_STRINGS = YES;
				SWIFT_VERSION = 5.0;
				TARGETED_DEVICE_FAMILY = "1,2";
			};
			name = Release;
		};
/* End XCBuildConfiguration section */

/* Begin XCConfigurationList section */
		888916832A8BDA33004D0D2F /* Build configuration list for PBXProject "appAH" */ = {
			isa = XCConfigurationList;
			buildConfigurations = (
				888916942A8BDA34004D0D2F /* Debug */,
				888916952A8BDA34004D0D2F /* Release */,
			);
			defaultConfigurationIsVisible = 0;
			defaultConfigurationName = Release;
		};
		888916962A8BDA34004D0D2F /* Build configuration list for PBXNativeTarget "appAH" */ = {
			isa = XCConfigurationList;
			buildConfigurations = (
				888916972A8BDA34004D0D2F /* Debug */,
				888916982A8BDA34004D0D2F /* Release */,
			);
			defaultConfigurationIsVisible = 0;
			defaultConfigurationName = Release;
		};
/* End XCConfigurationList section */
	};
	rootObject = 888916802A8BDA33004D0D2F /* Project object */;
}
